
Microsoft Visual Studio Solution File, Format Version 12.00
# Visual Studio Version 17
VisualStudioVersion = 17.14.36623.8 d17.14
MinimumVisualStudioVersion = 10.0.40219.1
Project("{FAE04EC0-301F-11D3-BF4B-00C04F79EFBC}") = "FinalProject", "FinalProject.csproj", "{FD44EB56-82AF-40B5-A3A9-FF26166026F8}"
EndProject
Global
	GlobalSection(SolutionConfigurationPlatforms) = preSolution
		Debug|Any CPU = Debug|Any CPU
		Release|Any CPU = Release|Any CPU
	EndGlobalSection
	GlobalSection(ProjectConfigurationPlatforms) = postSolution
		{FD44EB56-82AF-40B5-A3A9-FF26166026F8}.Debug|Any CPU.ActiveCfg = Debug|Any CPU
		{FD44EB56-82AF-40B5-A3A9-FF26166026F8}.Debug|Any CPU.Build.0 = Debug|Any CPU
		{FD44EB56-82AF-40B5-A3A9-FF26166026F8}.Release|Any CPU.ActiveCfg = Release|Any CPU
		{FD44EB56-82AF-40B5-A3A9-FF26166026F8}.Release|Any CPU.Build.0 = Release|Any CPU
	EndGlobalSection
	GlobalSection(SolutionProperties) = preSolution
		HideSolutionNode = FALSE
	EndGlobalSection
	GlobalSection(ExtensibilityGlobals) = postSolution
		SolutionGuid = {D48C29E4-8403-4488-93A2-C57D3FB1516C}
	EndGlobalSection
EndGlobal
